// !$*UTF8*$!
{
	archiveVersion = 1;
	classes = {
	};
	objectVersion = 50;
	objects = {

/* Begin PBXBuildFile section */
		A5E5F98824CD99870096DAE5 /* AppDelegate.swift in Sources */ = {isa = PBXBuildFile; fileRef = A5E5F98724CD99870096DAE5 /* AppDelegate.swift */; };
		A5E5F98A24CD99870096DAE5 /* SceneDelegate.swift in Sources */ = {isa = PBXBuildFile; fileRef = A5E5F98924CD99870096DAE5 /* SceneDelegate.swift */; };
		A5E5F98F24CD99870096DAE5 /* Main.storyboard in Resources */ = {isa = PBXBuildFile; fileRef = A5E5F98D24CD99870096DAE5 /* Main.storyboard */; };
		A5E5F99224CD99880096DAE5 /* DICoreDataRealmTask.xcdatamodeld in Sources */ = {isa = PBXBuildFile; fileRef = A5E5F99024CD99880096DAE5 /* DICoreDataRealmTask.xcdatamodeld */; };
		A5E5F99424CD99900096DAE5 /* Assets.xcassets in Resources */ = {isa = PBXBuildFile; fileRef = A5E5F99324CD99900096DAE5 /* Assets.xcassets */; };
		A5E5F99724CD99900096DAE5 /* LaunchScreen.storyboard in Resources */ = {isa = PBXBuildFile; fileRef = A5E5F99524CD99900096DAE5 /* LaunchScreen.storyboard */; };
		A5E5F99F24CD9A860096DAE5 /* AllTasksViewController.swift in Sources */ = {isa = PBXBuildFile; fileRef = A5E5F99E24CD9A860096DAE5 /* AllTasksViewController.swift */; };
		A5E5F9A124CD9AAB0096DAE5 /* TaskDetailsViewController.swift in Sources */ = {isa = PBXBuildFile; fileRef = A5E5F9A024CD9AAB0096DAE5 /* TaskDetailsViewController.swift */; };
		A5E5F9A324CD9B7A0096DAE5 /* Task.swift in Sources */ = {isa = PBXBuildFile; fileRef = A5E5F9A224CD9B7A0096DAE5 /* Task.swift */; };
		A5E5F9A524CD9BD50096DAE5 /* TaskStore.swift in Sources */ = {isa = PBXBuildFile; fileRef = A5E5F9A424CD9BD50096DAE5 /* TaskStore.swift */; };
/* End PBXBuildFile section */

/* Begin PBXFileReference section */
		A5E5F98424CD99870096DAE5 /* DICoreDataRealmTask.app */ = {isa = PBXFileReference; explicitFileType = wrapper.application; includeInIndex = 0; path = DICoreDataRealmTask.app; sourceTree = BUILT_PRODUCTS_DIR; };
		A5E5F98724CD99870096DAE5 /* AppDelegate.swift */ = {isa = PBXFileReference; lastKnownFileType = sourcecode.swift; path = AppDelegate.swift; sourceTree = "<group>"; };
		A5E5F98924CD99870096DAE5 /* SceneDelegate.swift */ = {isa = PBXFileReference; lastKnownFileType = sourcecode.swift; path = SceneDelegate.swift; sourceTree = "<group>"; };
		A5E5F98E24CD99870096DAE5 /* Base */ = {isa = PBXFileReference; lastKnownFileType = file.storyboard; name = Base; path = Base.lproj/Main.storyboard; sourceTree = "<group>"; };
		A5E5F99124CD99880096DAE5 /* DICoreDataRealmTask.xcdatamodel */ = {isa = PBXFileReference; lastKnownFileType = wrapper.xcdatamodel; path = DICoreDataRealmTask.xcdatamodel; sourceTree = "<group>"; };
		A5E5F99324CD99900096DAE5 /* Assets.xcassets */ = {isa = PBXFileReference; lastKnownFileType = folder.assetcatalog; path = Assets.xcassets; sourceTree = "<group>"; };
		A5E5F99624CD99900096DAE5 /* Base */ = {isa = PBXFileReference; lastKnownFileType = file.storyboard; name = Base; path = Base.lproj/LaunchScreen.storyboard; sourceTree = "<group>"; };
		A5E5F99824CD99900096DAE5 /* Info.plist */ = {isa = PBXFileReference; lastKnownFileType = text.plist.xml; path = Info.plist; sourceTree = "<group>"; };
		A5E5F99E24CD9A860096DAE5 /* AllTasksViewController.swift */ = {isa = PBXFileReference; lastKnownFileType = sourcecode.swift; path = AllTasksViewController.swift; sourceTree = "<group>"; };
		A5E5F9A024CD9AAB0096DAE5 /* TaskDetailsViewController.swift */ = {isa = PBXFileReference; lastKnownFileType = sourcecode.swift; path = TaskDetailsViewController.swift; sourceTree = "<group>"; };
		A5E5F9A224CD9B7A0096DAE5 /* Task.swift */ = {isa = PBXFileReference; lastKnownFileType = sourcecode.swift; path = Task.swift; sourceTree = "<group>"; };
		A5E5F9A424CD9BD50096DAE5 /* TaskStore.swift */ = {isa = PBXFileReference; lastKnownFileType = sourcecode.swift; path = TaskStore.swift; sourceTree = "<group>"; };
/* End PBXFileReference section */

/* Begin PBXFrameworksBuildPhase section */
		A5E5F98124CD99870096DAE5 /* Frameworks */ = {
			isa = PBXFrameworksBuildPhase;
			buildActionMask = 2147483647;
			files = (
			);
			runOnlyForDeploymentPostprocessing = 0;
		};
/* End PBXFrameworksBuildPhase section */

/* Begin PBXGroup section */
		A5E5F97B24CD99870096DAE5 = {
			isa = PBXGroup;
			children = (
				A5E5F98624CD99870096DAE5 /* DICoreDataRealmTask */,
				A5E5F98524CD99870096DAE5 /* Products */,
			);
			sourceTree = "<group>";
		};
		A5E5F98524CD99870096DAE5 /* Products */ = {
			isa = PBXGroup;
			children = (
				A5E5F98424CD99870096DAE5 /* DICoreDataRealmTask.app */,
			);
			name = Products;
			sourceTree = "<group>";
		};
		A5E5F98624CD99870096DAE5 /* DICoreDataRealmTask */ = {
			isa = PBXGroup;
			children = (
				A5E5F98724CD99870096DAE5 /* AppDelegate.swift */,
				A5E5F98924CD99870096DAE5 /* SceneDelegate.swift */,
				A5E5F98D24CD99870096DAE5 /* Main.storyboard */,
				A5E5F9A224CD9B7A0096DAE5 /* Task.swift */,
				A5E5F9A424CD9BD50096DAE5 /* TaskStore.swift */,
				A5E5F99E24CD9A860096DAE5 /* AllTasksViewController.swift */,
				A5E5F9A024CD9AAB0096DAE5 /* TaskDetailsViewController.swift */,
				A5E5F99324CD99900096DAE5 /* Assets.xcassets */,
				A5E5F99524CD99900096DAE5 /* LaunchScreen.storyboard */,
				A5E5F99824CD99900096DAE5 /* Info.plist */,
				A5E5F99024CD99880096DAE5 /* DICoreDataRealmTask.xcdatamodeld */,
			);
			path = DICoreDataRealmTask;
			sourceTree = "<group>";
		};
/* End PBXGroup section */

/* Begin PBXNativeTarget section */
		A5E5F98324CD99870096DAE5 /* DICoreDataRealmTask */ = {
			isa = PBXNativeTarget;
			buildConfigurationList = A5E5F99B24CD99900096DAE5 /* Build configuration list for PBXNativeTarget "DICoreDataRealmTask" */;
			buildPhases = (
				A5E5F98024CD99870096DAE5 /* Sources */,
				A5E5F98124CD99870096DAE5 /* Frameworks */,
				A5E5F98224CD99870096DAE5 /* Resources */,
			);
			buildRules = (
			);
			dependencies = (
			);
			name = DICoreDataRealmTask;
			productName = DICoreDataRealmTask;
			productReference = A5E5F98424CD99870096DAE5 /* DICoreDataRealmTask.app */;
			productType = "com.apple.product-type.application";
		};
/* End PBXNativeTarget section */

/* Begin PBXProject section */
		A5E5F97C24CD99870096DAE5 /* Project object */ = {
			isa = PBXProject;
			attributes = {
				LastSwiftUpdateCheck = 1160;
				LastUpgradeCheck = 1160;
				ORGANIZATIONNAME = "Anas Bashandy";
				TargetAttributes = {
					A5E5F98324CD99870096DAE5 = {
						CreatedOnToolsVersion = 11.6;
					};
				};
			};
			buildConfigurationList = A5E5F97F24CD99870096DAE5 /* Build configuration list for PBXProject "DICoreDataRealmTask" */;
			compatibilityVersion = "Xcode 9.3";
			developmentRegion = en;
			hasScannedForEncodings = 0;
			knownRegions = (
				en,
				Base,
			);
			mainGroup = A5E5F97B24CD99870096DAE5;
			productRefGroup = A5E5F98524CD99870096DAE5 /* Products */;
			projectDirPath = "";
			projectRoot = "";
			targets = (
				A5E5F98324CD99870096DAE5 /* DICoreDataRealmTask */,
			);
		};
/* End PBXProject section */

/* Begin PBXResourcesBuildPhase section */
		A5E5F98224CD99870096DAE5 /* Resources */ = {
			isa = PBXResourcesBuildPhase;
			buildActionMask = 2147483647;
			files = (
				A5E5F99724CD99900096DAE5 /* LaunchScreen.storyboard in Resources */,
				A5E5F99424CD99900096DAE5 /* Assets.xcassets in Resources */,
				A5E5F98F24CD99870096DAE5 /* Main.storyboard in Resources */,
			);
			runOnlyForDeploymentPostprocessing = 0;
		};
/* End PBXResourcesBuildPhase section */

/* Begin PBXSourcesBuildPhase section */
		A5E5F98024CD99870096DAE5 /* Sources */ = {
			isa = PBXSourcesBuildPhase;
			buildActionMask = 2147483647;
			files = (
				A5E5F9A124CD9AAB0096DAE5 /* TaskDetailsViewController.swift in Sources */,
				A5E5F99224CD99880096DAE5 /* DICoreDataRealmTask.xcdatamodeld in Sources */,
				A5E5F99F24CD9A860096DAE5 /* AllTasksViewController.swift in Sources */,
				A5E5F98824CD99870096DAE5 /* AppDelegate.swift in Sources */,
				A5E5F9A324CD9B7A0096DAE5 /* Task.swift in Sources */,
				A5E5F98A24CD99870096DAE5 /* SceneDelegate.swift in Sources */,
				A5E5F9A524CD9BD50096DAE5 /* TaskStore.swift in Sources */,
			);
			runOnlyForDeploymentPostprocessing = 0;
		};
/* End PBXSourcesBuildPhase section */

/* Begin PBXVariantGroup section */
		A5E5F98D24CD99870096DAE5 /* Main.storyboard */ = {
			isa = PBXVariantGroup;
			children = (
				A5E5F98E24CD99870096DAE5 /* Base */,
			);
			name = Main.storyboard;
			sourceTree = "<group>";
		};
		A5E5F99524CD99900096DAE5 /* LaunchScreen.storyboard */ = {
			isa = PBXVariantGroup;
			children = (
				A5E5F99624CD99900096DAE5 /* Base */,
			);
			name = LaunchScreen.storyboard;
			sourceTree = "<group>";
		};
/* End PBXVariantGroup section */

/* Begin XCBuildConfiguration section */
		A5E5F99924CD99900096DAE5 /* Debug */ = {
			isa = XCBuildConfiguration;
			buildSettings = {
				ALWAYS_SEARCH_USER_PATHS = NO;
				CLANG_ANALYZER_NONNULL = YES;
				CLANG_ANALYZER_NUMBER_OBJECT_CONVERSION = YES_AGGRESSIVE;
				CLANG_CXX_LANGUAGE_STANDARD = "gnu++14";
				CLANG_CXX_LIBRARY = "libc++";
				CLANG_ENABLE_MODULES = YES;
				CLANG_ENABLE_OBJC_ARC = YES;
				CLANG_ENABLE_OBJC_WEAK = YES;
				CLANG_WARN_BLOCK_CAPTURE_AUTORELEASING = YES;
				CLANG_WARN_BOOL_CONVERSION = YES;
				CLANG_WARN_COMMA = YES;
				CLANG_WARN_CONSTANT_CONVERSION = YES;
				CLANG_WARN_DEPRECATED_OBJC_IMPLEMENTATIONS = YES;
				CLANG_WARN_DIRECT_OBJC_ISA_USAGE = YES_ERROR;
				CLANG_WARN_DOCUMENTATION_COMMENTS = YES;
				CLANG_WARN_EMPTY_BODY = YES;
				CLANG_WARN_ENUM_CONVERSION = YES;
				CLANG_WARN_INFINITE_RECURSION = YES;
				CLANG_WARN_INT_CONVERSION = YES;
				CLANG_WARN_NON_LITERAL_NULL_CONVERSION = YES;
				CLANG_WARN_OBJC_IMPLICIT_RETAIN_SELF = YES;
				CLANG_WARN_OBJC_LITERAL_CONVERSION = YES;
				CLANG_WARN_OBJC_ROOT_CLASS = YES_ERROR;
				CLANG_WARN_RANGE_LOOP_ANALYSIS = YES;
				CLANG_WARN_STRICT_PROTOTYPES = YES;
				CLANG_WARN_SUSPICIOUS_MOVE = YES;
				CLANG_WARN_UNGUARDED_AVAILABILITY = YES_AGGRESSIVE;
				CLANG_WARN_UNREACHABLE_CODE = YES;
				CLANG_WARN__DUPLICATE_METHOD_MATCH = YES;
				COPY_PHASE_STRIP = NO;
				DEBUG_INFORMATION_FORMAT = dwarf;
				ENABLE_STRICT_OBJC_MSGSEND = YES;
				ENABLE_TESTABILITY = YES;
				GCC_C_LANGUAGE_STANDARD = gnu11;
				GCC_DYNAMIC_NO_PIC = NO;
				GCC_NO_COMMON_BLOCKS = YES;
				GCC_OPTIMIZATION_LEVEL = 0;
				GCC_PREPROCESSOR_DEFINITIONS = (
					"DEBUG=1",
					"$(inherited)",
				);
				GCC_WARN_64_TO_32_BIT_CONVERSION = YES;
				GCC_WARN_ABOUT_RETURN_TYPE = YES_ERROR;
				GCC_WARN_UNDECLARED_SELECTOR = YES;
				GCC_WARN_UNINITIALIZED_AUTOS = YES_AGGRESSIVE;
				GCC_WARN_UNUSED_FUNCTION = YES;
				GCC_WARN_UNUSED_VARIABLE = YES;
				IPHONEOS_DEPLOYMENT_TARGET = 13.6;
				MTL_ENABLE_DEBUG_INFO = INCLUDE_SOURCE;
				MTL_FAST_MATH = YES;
				ONLY_ACTIVE_ARCH = YES;
				SDKROOT = iphoneos;
				SWIFT_ACTIVE_COMPILATION_CONDITIONS = DEBUG;
				SWIFT_OPTIMIZATION_LEVEL = "-Onone";
			};
			name = Debug;
		};
		A5E5F99A24CD99900096DAE5 /* Release */ = {
			isa = XCBuildConfiguration;
			buildSettings = {
				ALWAYS_SEARCH_USER_PATHS = NO;
				CLANG_ANALYZER_NONNULL = YES;
				CLANG_ANALYZER_NUMBER_OBJECT_CONVERSION = YES_AGGRESSIVE;
				CLANG_CXX_LANGUAGE_STANDARD = "gnu++14";
				CLANG_CXX_LIBRARY = "libc++";
				CLANG_ENABLE_MODULES = YES;
				CLANG_ENABLE_OBJC_ARC = YES;
				CLANG_ENABLE_OBJC_WEAK = YES;
				CLANG_WARN_BLOCK_CAPTURE_AUTORELEASING = YES;
				CLANG_WARN_BOOL_CONVERSION = YES;
				CLANG_WARN_COMMA = YES;
				CLANG_WARN_CONSTANT_CONVERSION = YES;
				CLANG_WARN_DEPRECATED_OBJC_IMPLEMENTATIONS = YES;
				CLANG_WARN_DIRECT_OBJC_ISA_USAGE = YES_ERROR;
				CLANG_WARN_DOCUMENTATION_COMMENTS = YES;
				CLANG_WARN_EMPTY_BODY = YES;
				CLANG_WARN_ENUM_CONVERSION = YES;
				CLANG_WARN_INFINITE_RECURSION = YES;
				CLANG_WARN_INT_CONVERSION = YES;
				CLANG_WARN_NON_LITERAL_NULL_CONVERSION = YES;
				CLANG_WARN_OBJC_IMPLICIT_RETAIN_SELF = YES;
				CLANG_WARN_OBJC_LITERAL_CONVERSION = YES;
				CLANG_WARN_OBJC_ROOT_CLASS = YES_ERROR;
				CLANG_WARN_RANGE_LOOP_ANALYSIS = YES;
				CLANG_WARN_STRICT_PROTOTYPES = YES;
				CLANG_WARN_SUSPICIOUS_MOVE = YES;
				CLANG_WARN_UNGUARDED_AVAILABILITY = YES_AGGRESSIVE;
				CLANG_WARN_UNREACHABLE_CODE = YES;
				CLANG_WARN__DUPLICATE_METHOD_MATCH = YES;
				COPY_PHASE_STRIP = NO;
				DEBUG_INFORMATION_FORMAT = "dwarf-with-dsym";
				ENABLE_NS_ASSERTIONS = NO;
				ENABLE_STRICT_OBJC_MSGSEND = YES;
				GCC_C_LANGUAGE_STANDARD = gnu11;
				GCC_NO_COMMON_BLOCKS = YES;
				GCC_WARN_64_TO_32_BIT_CONVERSION = YES;
				GCC_WARN_ABOUT_RETURN_TYPE = YES_ERROR;
				GCC_WARN_UNDECLARED_SELECTOR = YES;
				GCC_WARN_UNINITIALIZED_AUTOS = YES_AGGRESSIVE;
				GCC_WARN_UNUSED_FUNCTION = YES;
				GCC_WARN_UNUSED_VARIABLE = YES;
				IPHONEOS_DEPLOYMENT_TARGET = 13.6;
				MTL_ENABLE_DEBUG_INFO = NO;
				MTL_FAST_MATH = YES;
				SDKROOT = iphoneos;
				SWIFT_COMPILATION_MODE = wholemodule;
				SWIFT_OPTIMIZATION_LEVEL = "-O";
				VALIDATE_PRODUCT = YES;
			};
			name = Release;
		};
		A5E5F99C24CD99900096DAE5 /* Debug */ = {
			isa = XCBuildConfiguration;
			buildSettings = {
				ASSETCATALOG_COMPILER_APPICON_NAME = AppIcon;
				CODE_SIGN_STYLE = Automatic;
				DEVELOPMENT_TEAM = 8D5VS833C2;
				INFOPLIST_FILE = DICoreDataRealmTask/Info.plist;
				LD_RUNPATH_SEARCH_PATHS = (
					"$(inherited)",
					"@executable_path/Frameworks",
				);
				PRODUCT_BUNDLE_IDENTIFIER = com.anasBashandy.DICoreDataRealmTask;
				PRODUCT_NAME = "$(TARGET_NAME)";
				SWIFT_VERSION = 5.0;
				TARGETED_DEVICE_FAMILY = "1,2";
			};
			name = Debug;
		};
		A5E5F99D24CD99900096DAE5 /* Release */ = {
			isa = XCBuildConfiguration;
			buildSettings = {
				ASSETCATALOG_COMPILER_APPICON_NAME = AppIcon;
				CODE_SIGN_STYLE = Automatic;
				DEVELOPMENT_TEAM = 8D5VS833C2;
				INFOPLIST_FILE = DICoreDataRealmTask/Info.plist;
				LD_RUNPATH_SEARCH_PATHS = (
					"$(inherited)",
					"@executable_path/Frameworks",
				);
				PRODUCT_BUNDLE_IDENTIFIER = com.anasBashandy.DICoreDataRealmTask;
				PRODUCT_NAME = "$(TARGET_NAME)";
				SWIFT_VERSION = 5.0;
				TARGETED_DEVICE_FAMILY = "1,2";
			};
			name = Release;
		};
/* End XCBuildConfiguration section */

/* Begin XCConfigurationList section */
		A5E5F97F24CD99870096DAE5 /* Build configuration list for PBXProject "DICoreDataRealmTask" */ = {
			isa = XCConfigurationList;
			buildConfigurations = (
				A5E5F99924CD99900096DAE5 /* Debug */,
				A5E5F99A24CD99900096DAE5 /* Release */,
			);
			defaultConfigurationIsVisible = 0;
			defaultConfigurationName = Release;
		};
		A5E5F99B24CD99900096DAE5 /* Build configuration list for PBXNativeTarget "DICoreDataRealmTask" */ = {
			isa = XCConfigurationList;
			buildConfigurations = (
				A5E5F99C24CD99900096DAE5 /* Debug */,
				A5E5F99D24CD99900096DAE5 /* Release */,
			);
			defaultConfigurationIsVisible = 0;
			defaultConfigurationName = Release;
		};
/* End XCConfigurationList section */

/* Begin XCVersionGroup section */
		A5E5F99024CD99880096DAE5 /* DICoreDataRealmTask.xcdatamodeld */ = {
			isa = XCVersionGroup;
			children = (
				A5E5F99124CD99880096DAE5 /* DICoreDataRealmTask.xcdatamodel */,
			);
			currentVersion = A5E5F99124CD99880096DAE5 /* DICoreDataRealmTask.xcdatamodel */;
			path = DICoreDataRealmTask.xcdatamodeld;
			sourceTree = "<group>";
			versionGroupType = wrapper.xcdatamodel;
		};
/* End XCVersionGroup section */
	};
	rootObject = A5E5F97C24CD99870096DAE5 /* Project object */;
}
